
Microsoft Visual Studio Solution File, Format Version 12.00
# Visual Studio Version 17
VisualStudioVersion = 17.5.002.0
MinimumVisualStudioVersion = 10.0.40219.1
Project("{9A19103F-16F7-4668-BE54-9A1E7A4F7556}") = "GiftServer", "GiftServer\GiftServer.csproj", "{8DE800E1-B6FB-4C38-91C8-52556B278C86}"
EndProject
Global
	GlobalSection(SolutionConfigurationPlatforms) = preSolution
		Debug|Any CPU = Debug|Any CPU
		Release|Any CPU = Release|Any CPU
	EndGlobalSection
	GlobalSection(ProjectConfigurationPlatforms) = postSolution
		{8DE800E1-B6FB-4C38-91C8-52556B278C86}.Debug|Any CPU.ActiveCfg = Debug|Any CPU
		{8DE800E1-B6FB-4C38-91C8-52556B278C86}.Debug|Any CPU.Build.0 = Debug|Any CPU
		{8DE800E1-B6FB-4C38-91C8-52556B278C86}.Release|Any CPU.ActiveCfg = Release|Any CPU
		{8DE800E1-B6FB-4C38-91C8-52556B278C86}.Release|Any CPU.Build.0 = Release|Any CPU
	EndGlobalSection
	GlobalSection(SolutionProperties) = preSolution
		HideSolutionNode = FALSE
	EndGlobalSection
	GlobalSection(ExtensibilityGlobals) = postSolution
		SolutionGuid = {1CC99392-8936-4F39-8CB4-CAEE744324A9}
	EndGlobalSection
EndGlobal
